
Microsoft Visual Studio Solution File, Format Version 12.00
# Visual Studio Version 16
VisualStudioVersion = 16.0.30907.101
MinimumVisualStudioVersion = 10.0.40219.1
Project("{FAE04EC0-301F-11D3-BF4B-00C04F79EFBC}") = "EstanzuelaEats.Android", "EstanzuelaEats\EstanzuelaEats.Android\EstanzuelaEats.Android.csproj", "{FCDFBF38-638D-41E8-92B5-454D461501D0}"
EndProject
Project("{FAE04EC0-301F-11D3-BF4B-00C04F79EFBC}") = "EstanzuelaEats.iOS", "EstanzuelaEats\EstanzuelaEats.iOS\EstanzuelaEats.iOS.csproj", "{5CEBFFBF-BEBC-46A7-943C-91F9367DD733}"
EndProject
Project("{9A19103F-16F7-4668-BE54-9A1E7A4F7556}") = "EstanzuelaEats", "EstanzuelaEats\EstanzuelaEats\EstanzuelaEats.csproj", "{88CA198B-C58F-4C73-9020-98DF10E40694}"
EndProject
Project("{FAE04EC0-301F-11D3-BF4B-00C04F79EFBC}") = "EstanzuelaEats.Domain", "EstanzuelaEats.Domain\EstanzuelaEats.Domain.csproj", "{28B5C90A-E386-4C47-9FBD-741DC8FC379E}"
EndProject
Project("{FAE04EC0-301F-11D3-BF4B-00C04F79EFBC}") = "EstanzuelaEats.Backend", "EstanzuelaEats.Backend\EstanzuelaEats.Backend.csproj", "{8A3DDA3A-CA09-4541-BB41-6A655E475A5D}"
EndProject
Project("{FAE04EC0-301F-11D3-BF4B-00C04F79EFBC}") = "EstanzuelaEats.Common", "EstanzuelaEats.Common\EstanzuelaEats.Common.csproj", "{BB8EA2B9-4A2D-446A-94AC-15C7B5546954}"
EndProject
Project("{2150E333-8FDC-42A3-9474-1A3956D46DE8}") = "Solution Items", "Solution Items", "{06AA411B-C30D-402B-91EB-BDF156CB9456}"
	ProjectSection(SolutionItems) = preProject
		.editorconfig = .editorconfig
	EndProjectSection
EndProject
Project("{FAE04EC0-301F-11D3-BF4B-00C04F79EFBC}") = "EstanzuelaEats.Api", "EstanzuelaEats.Api\EstanzuelaEats.Api.csproj", "{CD8A2465-C322-44D7-BF21-393587C2B0F5}"
EndProject
Global
	GlobalSection(SolutionConfigurationPlatforms) = preSolution
		Debug|Any CPU = Debug|Any CPU
		Debug|iPhone = Debug|iPhone
		Debug|iPhoneSimulator = Debug|iPhoneSimulator
		Release|Any CPU = Release|Any CPU
		Release|iPhone = Release|iPhone
		Release|iPhoneSimulator = Release|iPhoneSimulator
	EndGlobalSection
	GlobalSection(ProjectConfigurationPlatforms) = postSolution
		{FCDFBF38-638D-41E8-92B5-454D461501D0}.Debug|Any CPU.ActiveCfg = Debug|Any CPU
		{FCDFBF38-638D-41E8-92B5-454D461501D0}.Debug|Any CPU.Build.0 = Debug|Any CPU
		{FCDFBF38-638D-41E8-92B5-454D461501D0}.Debug|Any CPU.Deploy.0 = Debug|Any CPU
		{FCDFBF38-638D-41E8-92B5-454D461501D0}.Debug|iPhone.ActiveCfg = Debug|Any CPU
		{FCDFBF38-638D-41E8-92B5-454D461501D0}.Debug|iPhone.Build.0 = Debug|Any CPU
		{FCDFBF38-638D-41E8-92B5-454D461501D0}.Debug|iPhone.Deploy.0 = Debug|Any CPU
		{FCDFBF38-638D-41E8-92B5-454D461501D0}.Debug|iPhoneSimulator.ActiveCfg = Debug|Any CPU
		{FCDFBF38-638D-41E8-92B5-454D461501D0}.Debug|iPhoneSimulator.Build.0 = Debug|Any CPU
		{FCDFBF38-638D-41E8-92B5-454D461501D0}.Debug|iPhoneSimulator.Deploy.0 = Debug|Any CPU
		{FCDFBF38-638D-41E8-92B5-454D461501D0}.Release|Any CPU.ActiveCfg = Release|Any CPU
		{FCDFBF38-638D-41E8-92B5-454D461501D0}.Release|Any CPU.Build.0 = Release|Any CPU
		{FCDFBF38-638D-41E8-92B5-454D461501D0}.Release|Any CPU.Deploy.0 = Release|Any CPU
		{FCDFBF38-638D-41E8-92B5-454D461501D0}.Release|iPhone.ActiveCfg = Release|Any CPU
		{FCDFBF38-638D-41E8-92B5-454D461501D0}.Release|iPhone.Build.0 = Release|Any CPU
		{FCDFBF38-638D-41E8-92B5-454D461501D0}.Release|iPhone.Deploy.0 = Release|Any CPU
		{FCDFBF38-638D-41E8-92B5-454D461501D0}.Release|iPhoneSimulator.ActiveCfg = Release|Any CPU
		{FCDFBF38-638D-41E8-92B5-454D461501D0}.Release|iPhoneSimulator.Build.0 = Release|Any CPU
		{FCDFBF38-638D-41E8-92B5-454D461501D0}.Release|iPhoneSimulator.Deploy.0 = Release|Any CPU
		{5CEBFFBF-BEBC-46A7-943C-91F9367DD733}.Debug|Any CPU.ActiveCfg = Debug|iPhone
		{5CEBFFBF-BEBC-46A7-943C-91F9367DD733}.Debug|Any CPU.Build.0 = Debug|iPhone
		{5CEBFFBF-BEBC-46A7-943C-91F9367DD733}.Debug|Any CPU.Deploy.0 = Debug|iPhone
		{5CEBFFBF-BEBC-46A7-943C-91F9367DD733}.Debug|iPhone.ActiveCfg = Debug|iPhone
		{5CEBFFBF-BEBC-46A7-943C-91F9367DD733}.Debug|iPhone.Build.0 = Debug|iPhone
		{5CEBFFBF-BEBC-46A7-943C-91F9367DD733}.Debug|iPhone.Deploy.0 = Debug|iPhone
		{5CEBFFBF-BEBC-46A7-943C-91F9367DD733}.Debug|iPhoneSimulator.ActiveCfg = Debug|iPhoneSimulator
		{5CEBFFBF-BEBC-46A7-943C-91F9367DD733}.Debug|iPhoneSimulator.Build.0 = Debug|iPhoneSimulator
		{5CEBFFBF-BEBC-46A7-943C-91F9367DD733}.Debug|iPhoneSimulator.Deploy.0 = Debug|iPhoneSimulator
		{5CEBFFBF-BEBC-46A7-943C-91F9367DD733}.Release|Any CPU.ActiveCfg = Release|iPhoneSimulator
		{5CEBFFBF-BEBC-46A7-943C-91F9367DD733}.Release|Any CPU.Build.0 = Release|iPhoneSimulator
		{5CEBFFBF-BEBC-46A7-943C-91F9367DD733}.Release|Any CPU.Deploy.0 = Release|iPhoneSimulator
		{5CEBFFBF-BEBC-46A7-943C-91F9367DD733}.Release|iPhone.ActiveCfg = Release|iPhone
		{5CEBFFBF-BEBC-46A7-943C-91F9367DD733}.Release|iPhone.Build.0 = Release|iPhone
		{5CEBFFBF-BEBC-46A7-943C-91F9367DD733}.Release|iPhone.Deploy.0 = Release|iPhone
		{5CEBFFBF-BEBC-46A7-943C-91F9367DD733}.Release|iPhoneSimulator.ActiveCfg = Release|iPhoneSimulator
		{5CEBFFBF-BEBC-46A7-943C-91F9367DD733}.Release|iPhoneSimulator.Build.0 = Release|iPhoneSimulator
		{5CEBFFBF-BEBC-46A7-943C-91F9367DD733}.Release|iPhoneSimulator.Deploy.0 = Release|iPhoneSimulator
		{88CA198B-C58F-4C73-9020-98DF10E40694}.Debug|Any CPU.ActiveCfg = Debug|Any CPU
		{88CA198B-C58F-4C73-9020-98DF10E40694}.Debug|Any CPU.Build.0 = Debug|Any CPU
		{88CA198B-C58F-4C73-9020-98DF10E40694}.Debug|Any CPU.Deploy.0 = Debug|Any CPU
		{88CA198B-C58F-4C73-9020-98DF10E40694}.Debug|iPhone.ActiveCfg = Debug|Any CPU
		{88CA198B-C58F-4C73-9020-98DF10E40694}.Debug|iPhone.Build.0 = Debug|Any CPU
		{88CA198B-C58F-4C73-9020-98DF10E40694}.Debug|iPhone.Deploy.0 = Debug|Any CPU
		{88CA198B-C58F-4C73-9020-98DF10E40694}.Debug|iPhoneSimulator.ActiveCfg = Debug|Any CPU
		{88CA198B-C58F-4C73-9020-98DF10E40694}.Debug|iPhoneSimulator.Build.0 = Debug|Any CPU
		{88CA198B-C58F-4C73-9020-98DF10E40694}.Debug|iPhoneSimulator.Deploy.0 = Debug|Any CPU
		{88CA198B-C58F-4C73-9020-98DF10E40694}.Release|Any CPU.ActiveCfg = Release|Any CPU
		{88CA198B-C58F-4C73-9020-98DF10E40694}.Release|Any CPU.Build.0 = Release|Any CPU
		{88CA198B-C58F-4C73-9020-98DF10E40694}.Release|Any CPU.Deploy.0 = Release|Any CPU
		{88CA198B-C58F-4C73-9020-98DF10E40694}.Release|iPhone.ActiveCfg = Release|Any CPU
		{88CA198B-C58F-4C73-9020-98DF10E40694}.Release|iPhone.Build.0 = Release|Any CPU
		{88CA198B-C58F-4C73-9020-98DF10E40694}.Release|iPhone.Deploy.0 = Release|Any CPU
		{88CA198B-C58F-4C73-9020-98DF10E40694}.Release|iPhoneSimulator.ActiveCfg = Release|Any CPU
		{88CA198B-C58F-4C73-9020-98DF10E40694}.Release|iPhoneSimulator.Build.0 = Release|Any CPU
		{88CA198B-C58F-4C73-9020-98DF10E40694}.Release|iPhoneSimulator.Deploy.0 = Release|Any CPU
		{28B5C90A-E386-4C47-9FBD-741DC8FC379E}.Debug|Any CPU.ActiveCfg = Debug|Any CPU
		{28B5C90A-E386-4C47-9FBD-741DC8FC379E}.Debug|Any CPU.Build.0 = Debug|Any CPU
		{28B5C90A-E386-4C47-9FBD-741DC8FC379E}.Debug|iPhone.ActiveCfg = Debug|Any CPU
		{28B5C90A-E386-4C47-9FBD-741DC8FC379E}.Debug|iPhone.Build.0 = Debug|Any CPU
		{28B5C90A-E386-4C47-9FBD-741DC8FC379E}.Debug|iPhoneSimulator.ActiveCfg = Debug|Any CPU
		{28B5C90A-E386-4C47-9FBD-741DC8FC379E}.Debug|iPhoneSimulator.Build.0 = Debug|Any CPU
		{28B5C90A-E386-4C47-9FBD-741DC8FC379E}.Release|Any CPU.ActiveCfg = Release|Any CPU
		{28B5C90A-E386-4C47-9FBD-741DC8FC379E}.Release|Any CPU.Build.0 = Release|Any CPU
		{28B5C90A-E386-4C47-9FBD-741DC8FC379E}.Release|iPhone.ActiveCfg = Release|Any CPU
		{28B5C90A-E386-4C47-9FBD-741DC8FC379E}.Release|iPhone.Build.0 = Release|Any CPU
		{28B5C90A-E386-4C47-9FBD-741DC8FC379E}.Release|iPhoneSimulator.ActiveCfg = Release|Any CPU
		{28B5C90A-E386-4C47-9FBD-741DC8FC379E}.Release|iPhoneSimulator.Build.0 = Release|Any CPU
		{8A3DDA3A-CA09-4541-BB41-6A655E475A5D}.Debug|Any CPU.ActiveCfg = Debug|Any CPU
		{8A3DDA3A-CA09-4541-BB41-6A655E475A5D}.Debug|Any CPU.Build.0 = Debug|Any CPU
		{8A3DDA3A-CA09-4541-BB41-6A655E475A5D}.Debug|iPhone.ActiveCfg = Debug|Any CPU
		{8A3DDA3A-CA09-4541-BB41-6A655E475A5D}.Debug|iPhone.Build.0 = Debug|Any CPU
		{8A3DDA3A-CA09-4541-BB41-6A655E475A5D}.Debug|iPhoneSimulator.ActiveCfg = Debug|Any CPU
		{8A3DDA3A-CA09-4541-BB41-6A655E475A5D}.Debug|iPhoneSimulator.Build.0 = Debug|Any CPU
		{8A3DDA3A-CA09-4541-BB41-6A655E475A5D}.Release|Any CPU.ActiveCfg = Release|Any CPU
		{8A3DDA3A-CA09-4541-BB41-6A655E475A5D}.Release|Any CPU.Build.0 = Release|Any CPU
		{8A3DDA3A-CA09-4541-BB41-6A655E475A5D}.Release|iPhone.ActiveCfg = Release|Any CPU
		{8A3DDA3A-CA09-4541-BB41-6A655E475A5D}.Release|iPhone.Build.0 = Release|Any CPU
		{8A3DDA3A-CA09-4541-BB41-6A655E475A5D}.Release|iPhoneSimulator.ActiveCfg = Release|Any CPU
		{8A3DDA3A-CA09-4541-BB41-6A655E475A5D}.Release|iPhoneSimulator.Build.0 = Release|Any CPU
		{BB8EA2B9-4A2D-446A-94AC-15C7B5546954}.Debug|Any CPU.ActiveCfg = Debug|Any CPU
		{BB8EA2B9-4A2D-446A-94AC-15C7B5546954}.Debug|Any CPU.Build.0 = Debug|Any CPU
		{BB8EA2B9-4A2D-446A-94AC-15C7B5546954}.Debug|iPhone.ActiveCfg = Debug|Any CPU
		{BB8EA2B9-4A2D-446A-94AC-15C7B5546954}.Debug|iPhone.Build.0 = Debug|Any CPU
		{BB8EA2B9-4A2D-446A-94AC-15C7B5546954}.Debug|iPhoneSimulator.ActiveCfg = Debug|Any CPU
		{BB8EA2B9-4A2D-446A-94AC-15C7B5546954}.Debug|iPhoneSimulator.Build.0 = Debug|Any CPU
		{BB8EA2B9-4A2D-446A-94AC-15C7B5546954}.Release|Any CPU.ActiveCfg = Release|Any CPU
		{BB8EA2B9-4A2D-446A-94AC-15C7B5546954}.Release|Any CPU.Build.0 = Release|Any CPU
		{BB8EA2B9-4A2D-446A-94AC-15C7B5546954}.Release|iPhone.ActiveCfg = Release|Any CPU
		{BB8EA2B9-4A2D-446A-94AC-15C7B5546954}.Release|iPhone.Build.0 = Release|Any CPU
		{BB8EA2B9-4A2D-446A-94AC-15C7B5546954}.Release|iPhoneSimulator.ActiveCfg = Release|Any CPU
		{BB8EA2B9-4A2D-446A-94AC-15C7B5546954}.Release|iPhoneSimulator.Build.0 = Release|Any CPU
		{CD8A2465-C322-44D7-BF21-393587C2B0F5}.Debug|Any CPU.ActiveCfg = Debug|Any CPU
		{CD8A2465-C322-44D7-BF21-393587C2B0F5}.Debug|Any CPU.Build.0 = Debug|Any CPU
		{CD8A2465-C322-44D7-BF21-393587C2B0F5}.Debug|iPhone.ActiveCfg = Debug|Any CPU
		{CD8A2465-C322-44D7-BF21-393587C2B0F5}.Debug|iPhone.Build.0 = Debug|Any CPU
		{CD8A2465-C322-44D7-BF21-393587C2B0F5}.Debug|iPhoneSimulator.ActiveCfg = Debug|Any CPU
		{CD8A2465-C322-44D7-BF21-393587C2B0F5}.Debug|iPhoneSimulator.Build.0 = Debug|Any CPU
		{CD8A2465-C322-44D7-BF21-393587C2B0F5}.Release|Any CPU.ActiveCfg = Release|Any CPU
		{CD8A2465-C322-44D7-BF21-393587C2B0F5}.Release|Any CPU.Build.0 = Release|Any CPU
		{CD8A2465-C322-44D7-BF21-393587C2B0F5}.Release|iPhone.ActiveCfg = Release|Any CPU
		{CD8A2465-C322-44D7-BF21-393587C2B0F5}.Release|iPhone.Build.0 = Release|Any CPU
		{CD8A2465-C322-44D7-BF21-393587C2B0F5}.Release|iPhoneSimulator.ActiveCfg = Release|Any CPU
		{CD8A2465-C322-44D7-BF21-393587C2B0F5}.Release|iPhoneSimulator.Build.0 = Release|Any CPU
	EndGlobalSection
	GlobalSection(SolutionProperties) = preSolution
		HideSolutionNode = FALSE
	EndGlobalSection
	GlobalSection(ExtensibilityGlobals) = postSolution
		SolutionGuid = {85CE1C97-AB05-4B69-AAE4-85FA3D10D94D}
	EndGlobalSection
EndGlobal
