
Microsoft Visual Studio Solution File, Format Version 12.00
# Visual Studio Version 16
VisualStudioVersion = 16.0.30907.101
MinimumVisualStudioVersion = 10.0.40219.1
Project("{FAE04EC0-301F-11D3-BF4B-00C04F79EFBC}") = "EstanzuelaEats.Android", "EstanzuelaEats\EstanzuelaEats.Android\EstanzuelaEats.Android.csproj", "{FCDFBF38-638D-41E8-92B5-454D461501D0}"
EndProject
Project("{FAE04EC0-301F-11D3-BF4B-00C04F79EFBC}") = "EstanzuelaEats.iOS", "EstanzuelaEats\EstanzuelaEats.iOS\EstanzuelaEats.iOS.csproj", "{5CEBFFBF-BEBC-46A7-943C-91F9367DD733}"
EndProject
Project("{FAE04EC0-301F-11D3-BF4B-00C04F79EFBC}") = "EstanzuelaEats", "EstanzuelaEats\EstanzuelaEats\EstanzuelaEats.csproj", "{88CA198B-C58F-4C73-9020-98DF10E40694}"
EndProject
Global
	GlobalSection(SolutionConfigurationPlatforms) = preSolution
		Debug|Any CPU = Debug|Any CPU
		Debug|iPhone = Debug|iPhone
		Debug|iPhoneSimulator = Debug|iPhoneSimulator
		Release|Any CPU = Release|Any CPU
		Release|iPhone = Release|iPhone
		Release|iPhoneSimulator = Release|iPhoneSimulator
	EndGlobalSection
	GlobalSection(ProjectConfigurationPlatforms) = postSolution
		{FCDFBF38-638D-41E8-92B5-454D461501D0}.Debug|Any CPU.ActiveCfg = Debug|Any CPU
		{FCDFBF38-638D-41E8-92B5-454D461501D0}.Debug|Any CPU.Build.0 = Debug|Any CPU
		{FCDFBF38-638D-41E8-92B5-454D461501D0}.Debug|Any CPU.Deploy.0 = Debug|Any CPU
		{FCDFBF38-638D-41E8-92B5-454D461501D0}.Debug|iPhone.ActiveCfg = Debug|Any CPU
		{FCDFBF38-638D-41E8-92B5-454D461501D0}.Debug|iPhone.Build.0 = Debug|Any CPU
		{FCDFBF38-638D-41E8-92B5-454D461501D0}.Debug|iPhone.Deploy.0 = Debug|Any CPU
		{FCDFBF38-638D-41E8-92B5-454D461501D0}.Debug|iPhoneSimulator.ActiveCfg = Debug|Any CPU
		{FCDFBF38-638D-41E8-92B5-454D461501D0}.Debug|iPhoneSimulator.Build.0 = Debug|Any CPU
		{FCDFBF38-638D-41E8-92B5-454D461501D0}.Debug|iPhoneSimulator.Deploy.0 = Debug|Any CPU
		{FCDFBF38-638D-41E8-92B5-454D461501D0}.Release|Any CPU.ActiveCfg = Release|Any CPU
		{FCDFBF38-638D-41E8-92B5-454D461501D0}.Release|Any CPU.Build.0 = Release|Any CPU
		{FCDFBF38-638D-41E8-92B5-454D461501D0}.Release|Any CPU.Deploy.0 = Release|Any CPU
		{FCDFBF38-638D-41E8-92B5-454D461501D0}.Release|iPhone.ActiveCfg = Release|Any CPU
		{FCDFBF38-638D-41E8-92B5-454D461501D0}.Release|iPhone.Build.0 = Release|Any CPU
		{FCDFBF38-638D-41E8-92B5-454D461501D0}.Release|iPhone.Deploy.0 = Release|Any CPU
		{FCDFBF38-638D-41E8-92B5-454D461501D0}.Release|iPhoneSimulator.ActiveCfg = Release|Any CPU
		{FCDFBF38-638D-41E8-92B5-454D461501D0}.Release|iPhoneSimulator.Build.0 = Release|Any CPU
		{FCDFBF38-638D-41E8-92B5-454D461501D0}.Release|iPhoneSimulator.Deploy.0 = Release|Any CPU
		{5CEBFFBF-BEBC-46A7-943C-91F9367DD733}.Debug|Any CPU.ActiveCfg = Debug|iPhone
		{5CEBFFBF-BEBC-46A7-943C-91F9367DD733}.Debug|Any CPU.Build.0 = Debug|iPhone
		{5CEBFFBF-BEBC-46A7-943C-91F9367DD733}.Debug|Any CPU.Deploy.0 = Debug|iPhone
		{5CEBFFBF-BEBC-46A7-943C-91F9367DD733}.Debug|iPhone.ActiveCfg = Debug|iPhone
		{5CEBFFBF-BEBC-46A7-943C-91F9367DD733}.Debug|iPhone.Build.0 = Debug|iPhone
		{5CEBFFBF-BEBC-46A7-943C-91F9367DD733}.Debug|iPhone.Deploy.0 = Debug|iPhone
		{5CEBFFBF-BEBC-46A7-943C-91F9367DD733}.Debug|iPhoneSimulator.ActiveCfg = Debug|iPhoneSimulator
		{5CEBFFBF-BEBC-46A7-943C-91F9367DD733}.Debug|iPhoneSimulator.Build.0 = Debug|iPhoneSimulator
		{5CEBFFBF-BEBC-46A7-943C-91F9367DD733}.Debug|iPhoneSimulator.Deploy.0 = Debug|iPhoneSimulator
		{5CEBFFBF-BEBC-46A7-943C-91F9367DD733}.Release|Any CPU.ActiveCfg = Release|iPhoneSimulator
		{5CEBFFBF-BEBC-46A7-943C-91F9367DD733}.Release|Any CPU.Build.0 = Release|iPhoneSimulator
		{5CEBFFBF-BEBC-46A7-943C-91F9367DD733}.Release|Any CPU.Deploy.0 = Release|iPhoneSimulator
		{5CEBFFBF-BEBC-46A7-943C-91F9367DD733}.Release|iPhone.ActiveCfg = Release|iPhone
		{5CEBFFBF-BEBC-46A7-943C-91F9367DD733}.Release|iPhone.Build.0 = Release|iPhone
		{5CEBFFBF-BEBC-46A7-943C-91F9367DD733}.Release|iPhone.Deploy.0 = Release|iPhone
		{5CEBFFBF-BEBC-46A7-943C-91F9367DD733}.Release|iPhoneSimulator.ActiveCfg = Release|iPhoneSimulator
		{5CEBFFBF-BEBC-46A7-943C-91F9367DD733}.Release|iPhoneSimulator.Build.0 = Release|iPhoneSimulator
		{5CEBFFBF-BEBC-46A7-943C-91F9367DD733}.Release|iPhoneSimulator.Deploy.0 = Release|iPhoneSimulator
		{88CA198B-C58F-4C73-9020-98DF10E40694}.Debug|Any CPU.ActiveCfg = Debug|Any CPU
		{88CA198B-C58F-4C73-9020-98DF10E40694}.Debug|Any CPU.Build.0 = Debug|Any CPU
		{88CA198B-C58F-4C73-9020-98DF10E40694}.Debug|Any CPU.Deploy.0 = Debug|Any CPU
		{88CA198B-C58F-4C73-9020-98DF10E40694}.Debug|iPhone.ActiveCfg = Debug|Any CPU
		{88CA198B-C58F-4C73-9020-98DF10E40694}.Debug|iPhone.Build.0 = Debug|Any CPU
		{88CA198B-C58F-4C73-9020-98DF10E40694}.Debug|iPhone.Deploy.0 = Debug|Any CPU
		{88CA198B-C58F-4C73-9020-98DF10E40694}.Debug|iPhoneSimulator.ActiveCfg = Debug|Any CPU
		{88CA198B-C58F-4C73-9020-98DF10E40694}.Debug|iPhoneSimulator.Build.0 = Debug|Any CPU
		{88CA198B-C58F-4C73-9020-98DF10E40694}.Debug|iPhoneSimulator.Deploy.0 = Debug|Any CPU
		{88CA198B-C58F-4C73-9020-98DF10E40694}.Release|Any CPU.ActiveCfg = Release|Any CPU
		{88CA198B-C58F-4C73-9020-98DF10E40694}.Release|Any CPU.Build.0 = Release|Any CPU
		{88CA198B-C58F-4C73-9020-98DF10E40694}.Release|Any CPU.Deploy.0 = Release|Any CPU
		{88CA198B-C58F-4C73-9020-98DF10E40694}.Release|iPhone.ActiveCfg = Release|Any CPU
		{88CA198B-C58F-4C73-9020-98DF10E40694}.Release|iPhone.Build.0 = Release|Any CPU
		{88CA198B-C58F-4C73-9020-98DF10E40694}.Release|iPhone.Deploy.0 = Release|Any CPU
		{88CA198B-C58F-4C73-9020-98DF10E40694}.Release|iPhoneSimulator.ActiveCfg = Release|Any CPU
		{88CA198B-C58F-4C73-9020-98DF10E40694}.Release|iPhoneSimulator.Build.0 = Release|Any CPU
		{88CA198B-C58F-4C73-9020-98DF10E40694}.Release|iPhoneSimulator.Deploy.0 = Release|Any CPU
	EndGlobalSection
	GlobalSection(SolutionProperties) = preSolution
		HideSolutionNode = FALSE
	EndGlobalSection
	GlobalSection(ExtensibilityGlobals) = postSolution
		SolutionGuid = {85CE1C97-AB05-4B69-AAE4-85FA3D10D94D}
	EndGlobalSection
EndGlobal
